// !$*UTF8*$!
{
	archiveVersion = 1;
	classes = {
	};
	objectVersion = 55;
	objects = {

/* Begin PBXBuildFile section */
		1E21560128F4161300B03EFB /* ChatDetailView.swift in Sources */ = {isa = PBXBuildFile; fileRef = 1E21560028F4161300B03EFB /* ChatDetailView.swift */; };
		1E21560328F4164300B03EFB /* ChatListView.swift in Sources */ = {isa = PBXBuildFile; fileRef = 1E21560228F4164300B03EFB /* ChatListView.swift */; };
		1E21561F28F4528600B03EFB /* OwnerApiService.swift in Sources */ = {isa = PBXBuildFile; fileRef = 1E21561E28F4528600B03EFB /* OwnerApiService.swift */; };
		1E21562128F4538B00B03EFB /* OwnerResponse.swift in Sources */ = {isa = PBXBuildFile; fileRef = 1E21562028F4538B00B03EFB /* OwnerResponse.swift */; };
		1E21562328F4542900B03EFB /* Auth0Interceptor.swift in Sources */ = {isa = PBXBuildFile; fileRef = 1E21562228F4542900B03EFB /* Auth0Interceptor.swift */; };
		1E21562528F4558000B03EFB /* Owner.swift in Sources */ = {isa = PBXBuildFile; fileRef = 1E21562428F4558000B03EFB /* Owner.swift */; };
		1E21562728F4561300B03EFB /* ApiResponse.swift in Sources */ = {isa = PBXBuildFile; fileRef = 1E21562628F4561300B03EFB /* ApiResponse.swift */; };
		1E21562928F4573100B03EFB /* JoinView.swift in Sources */ = {isa = PBXBuildFile; fileRef = 1E21562828F4573100B03EFB /* JoinView.swift */; };
		1E21562C28F4578E00B03EFB /* Extensions.swift in Sources */ = {isa = PBXBuildFile; fileRef = 1E21562B28F4578E00B03EFB /* Extensions.swift */; };
		1E21563228F548A700B03EFB /* JoinResponse.swift in Sources */ = {isa = PBXBuildFile; fileRef = 1E21563128F548A700B03EFB /* JoinResponse.swift */; };
		1E21563428F54A6800B03EFB /* ReservationListView.swift in Sources */ = {isa = PBXBuildFile; fileRef = 1E21563328F54A6800B03EFB /* ReservationListView.swift */; };
		1E21563628F54DCD00B03EFB /* RestaurantExistsResponse.swift in Sources */ = {isa = PBXBuildFile; fileRef = 1E21563528F54DCD00B03EFB /* RestaurantExistsResponse.swift */; };
		1E21563828F5508900B03EFB /* Restaurant.swift in Sources */ = {isa = PBXBuildFile; fileRef = 1E21563728F5508900B03EFB /* Restaurant.swift */; };
		1E21563A28F5536F00B03EFB /* RestaurantResponse.swift in Sources */ = {isa = PBXBuildFile; fileRef = 1E21563928F5536F00B03EFB /* RestaurantResponse.swift */; };
		1E21563C28F5605C00B03EFB /* RestaurantViewModel.swift in Sources */ = {isa = PBXBuildFile; fileRef = 1E21563B28F5605C00B03EFB /* RestaurantViewModel.swift */; };
		1E21563E28F564AD00B03EFB /* RestaurantApiService.swift in Sources */ = {isa = PBXBuildFile; fileRef = 1E21563D28F564AD00B03EFB /* RestaurantApiService.swift */; };
		1E21564028F5653A00B03EFB /* RestaurantRouter.swift in Sources */ = {isa = PBXBuildFile; fileRef = 1E21563F28F5653A00B03EFB /* RestaurantRouter.swift */; };
		1E21564228F6993F00B03EFB /* UIUtility.swift in Sources */ = {isa = PBXBuildFile; fileRef = 1E21564128F6993F00B03EFB /* UIUtility.swift */; };
		1E36D3DF28F04FDC00F228A7 /* matbookig_sajyangnimApp.swift in Sources */ = {isa = PBXBuildFile; fileRef = 1E36D3DE28F04FDC00F228A7 /* matbookig_sajyangnimApp.swift */; };
		1E36D3E128F04FDC00F228A7 /* ContentView.swift in Sources */ = {isa = PBXBuildFile; fileRef = 1E36D3E028F04FDC00F228A7 /* ContentView.swift */; };
		1E36D3E328F04FDD00F228A7 /* Assets.xcassets in Resources */ = {isa = PBXBuildFile; fileRef = 1E36D3E228F04FDD00F228A7 /* Assets.xcassets */; };
		1E36D3E628F04FDD00F228A7 /* Preview Assets.xcassets in Resources */ = {isa = PBXBuildFile; fileRef = 1E36D3E528F04FDD00F228A7 /* Preview Assets.xcassets */; };
		1E36D3EE28F0511800F228A7 /* Alamofire in Frameworks */ = {isa = PBXBuildFile; productRef = 1E36D3ED28F0511800F228A7 /* Alamofire */; };
		1E36D3F228F051E200F228A7 /* KeyChain.swift in Sources */ = {isa = PBXBuildFile; fileRef = 1E36D3F128F051E200F228A7 /* KeyChain.swift */; };
		1E36D3F428F0522B00F228A7 /* RestaurantInfoEditView.swift in Sources */ = {isa = PBXBuildFile; fileRef = 1E36D3F328F0522B00F228A7 /* RestaurantInfoEditView.swift */; };
		1E36D3F628F3EE7C00F228A7 /* LoginView.swift in Sources */ = {isa = PBXBuildFile; fileRef = 1E36D3F528F3EE7C00F228A7 /* LoginView.swift */; };
		1E36D3FE28F401DB00F228A7 /* Auth0 in Frameworks */ = {isa = PBXBuildFile; productRef = 1E36D3FD28F401DB00F228A7 /* Auth0 */; };
		1E36D40128F4053A00F228A7 /* Auth0.plist in Resources */ = {isa = PBXBuildFile; fileRef = 1E36D40028F4053A00F228A7 /* Auth0.plist */; };
		1E36D40828F4075100F228A7 /* ApiClient.swift in Sources */ = {isa = PBXBuildFile; fileRef = 1E36D40728F4075100F228A7 /* ApiClient.swift */; };
		1E36D40A28F4077600F228A7 /* ApiLogger.swift in Sources */ = {isa = PBXBuildFile; fileRef = 1E36D40928F4077600F228A7 /* ApiLogger.swift */; };
		1E36D40C28F4079200F228A7 /* BaseInterceptor.swift in Sources */ = {isa = PBXBuildFile; fileRef = 1E36D40B28F4079200F228A7 /* BaseInterceptor.swift */; };
		1E36D40F28F407CF00F228A7 /* OwnerRouter.swift in Sources */ = {isa = PBXBuildFile; fileRef = 1E36D40E28F407CF00F228A7 /* OwnerRouter.swift */; };
		1E36D41128F4080600F228A7 /* OwnerViewModel.swift in Sources */ = {isa = PBXBuildFile; fileRef = 1E36D41028F4080600F228A7 /* OwnerViewModel.swift */; };
		1E36D41328F4084F00F228A7 /* Auth0Owner.swift in Sources */ = {isa = PBXBuildFile; fileRef = 1E36D41228F4084F00F228A7 /* Auth0Owner.swift */; };
		1E72115F28F82397009034E0 /* ReservationEditView.swift in Sources */ = {isa = PBXBuildFile; fileRef = 1E72115E28F82397009034E0 /* ReservationEditView.swift */; };
/* End PBXBuildFile section */

/* Begin PBXFileReference section */
		1E21560028F4161300B03EFB /* ChatDetailView.swift */ = {isa = PBXFileReference; lastKnownFileType = sourcecode.swift; path = ChatDetailView.swift; sourceTree = "<group>"; };
		1E21560228F4164300B03EFB /* ChatListView.swift */ = {isa = PBXFileReference; lastKnownFileType = sourcecode.swift; path = ChatListView.swift; sourceTree = "<group>"; };
		1E21561E28F4528600B03EFB /* OwnerApiService.swift */ = {isa = PBXFileReference; lastKnownFileType = sourcecode.swift; path = OwnerApiService.swift; sourceTree = "<group>"; };
		1E21562028F4538B00B03EFB /* OwnerResponse.swift */ = {isa = PBXFileReference; lastKnownFileType = sourcecode.swift; path = OwnerResponse.swift; sourceTree = "<group>"; };
		1E21562228F4542900B03EFB /* Auth0Interceptor.swift */ = {isa = PBXFileReference; lastKnownFileType = sourcecode.swift; path = Auth0Interceptor.swift; sourceTree = "<group>"; };
		1E21562428F4558000B03EFB /* Owner.swift */ = {isa = PBXFileReference; lastKnownFileType = sourcecode.swift; path = Owner.swift; sourceTree = "<group>"; };
		1E21562628F4561300B03EFB /* ApiResponse.swift */ = {isa = PBXFileReference; lastKnownFileType = sourcecode.swift; path = ApiResponse.swift; sourceTree = "<group>"; };
		1E21562828F4573100B03EFB /* JoinView.swift */ = {isa = PBXFileReference; lastKnownFileType = sourcecode.swift; path = JoinView.swift; sourceTree = "<group>"; };
		1E21562B28F4578E00B03EFB /* Extensions.swift */ = {isa = PBXFileReference; lastKnownFileType = sourcecode.swift; path = Extensions.swift; sourceTree = "<group>"; };
		1E21563128F548A700B03EFB /* JoinResponse.swift */ = {isa = PBXFileReference; lastKnownFileType = sourcecode.swift; path = JoinResponse.swift; sourceTree = "<group>"; };
		1E21563328F54A6800B03EFB /* ReservationListView.swift */ = {isa = PBXFileReference; lastKnownFileType = sourcecode.swift; path = ReservationListView.swift; sourceTree = "<group>"; };
		1E21563528F54DCD00B03EFB /* RestaurantExistsResponse.swift */ = {isa = PBXFileReference; lastKnownFileType = sourcecode.swift; path = RestaurantExistsResponse.swift; sourceTree = "<group>"; };
		1E21563728F5508900B03EFB /* Restaurant.swift */ = {isa = PBXFileReference; lastKnownFileType = sourcecode.swift; path = Restaurant.swift; sourceTree = "<group>"; };
		1E21563928F5536F00B03EFB /* RestaurantResponse.swift */ = {isa = PBXFileReference; lastKnownFileType = sourcecode.swift; path = RestaurantResponse.swift; sourceTree = "<group>"; };
		1E21563B28F5605C00B03EFB /* RestaurantViewModel.swift */ = {isa = PBXFileReference; lastKnownFileType = sourcecode.swift; path = RestaurantViewModel.swift; sourceTree = "<group>"; };
		1E21563D28F564AD00B03EFB /* RestaurantApiService.swift */ = {isa = PBXFileReference; lastKnownFileType = sourcecode.swift; path = RestaurantApiService.swift; sourceTree = "<group>"; };
		1E21563F28F5653A00B03EFB /* RestaurantRouter.swift */ = {isa = PBXFileReference; lastKnownFileType = sourcecode.swift; path = RestaurantRouter.swift; sourceTree = "<group>"; };
		1E21564128F6993F00B03EFB /* UIUtility.swift */ = {isa = PBXFileReference; lastKnownFileType = sourcecode.swift; path = UIUtility.swift; sourceTree = "<group>"; };
		1E36D3DB28F04FDC00F228A7 /* matbookig_sajyangnim.app */ = {isa = PBXFileReference; explicitFileType = wrapper.application; includeInIndex = 0; path = matbookig_sajyangnim.app; sourceTree = BUILT_PRODUCTS_DIR; };
		1E36D3DE28F04FDC00F228A7 /* matbookig_sajyangnimApp.swift */ = {isa = PBXFileReference; lastKnownFileType = sourcecode.swift; path = matbookig_sajyangnimApp.swift; sourceTree = "<group>"; };
		1E36D3E028F04FDC00F228A7 /* ContentView.swift */ = {isa = PBXFileReference; lastKnownFileType = sourcecode.swift; path = ContentView.swift; sourceTree = "<group>"; };
		1E36D3E228F04FDD00F228A7 /* Assets.xcassets */ = {isa = PBXFileReference; lastKnownFileType = folder.assetcatalog; path = Assets.xcassets; sourceTree = "<group>"; };
		1E36D3E528F04FDD00F228A7 /* Preview Assets.xcassets */ = {isa = PBXFileReference; lastKnownFileType = folder.assetcatalog; path = "Preview Assets.xcassets"; sourceTree = "<group>"; };
		1E36D3F128F051E200F228A7 /* KeyChain.swift */ = {isa = PBXFileReference; lastKnownFileType = sourcecode.swift; path = KeyChain.swift; sourceTree = "<group>"; };
		1E36D3F328F0522B00F228A7 /* RestaurantInfoEditView.swift */ = {isa = PBXFileReference; lastKnownFileType = sourcecode.swift; path = RestaurantInfoEditView.swift; sourceTree = "<group>"; };
		1E36D3F528F3EE7C00F228A7 /* LoginView.swift */ = {isa = PBXFileReference; lastKnownFileType = sourcecode.swift; path = LoginView.swift; sourceTree = "<group>"; };
		1E36D3FF28F4049B00F228A7 /* matbookig-sajyangnim-Info.plist */ = {isa = PBXFileReference; lastKnownFileType = text.plist; path = "matbookig-sajyangnim-Info.plist"; sourceTree = SOURCE_ROOT; };
		1E36D40028F4053A00F228A7 /* Auth0.plist */ = {isa = PBXFileReference; lastKnownFileType = text.plist.xml; path = Auth0.plist; sourceTree = "<group>"; };
		1E36D40728F4075100F228A7 /* ApiClient.swift */ = {isa = PBXFileReference; lastKnownFileType = sourcecode.swift; path = ApiClient.swift; sourceTree = "<group>"; };
		1E36D40928F4077600F228A7 /* ApiLogger.swift */ = {isa = PBXFileReference; lastKnownFileType = sourcecode.swift; path = ApiLogger.swift; sourceTree = "<group>"; };
		1E36D40B28F4079200F228A7 /* BaseInterceptor.swift */ = {isa = PBXFileReference; lastKnownFileType = sourcecode.swift; path = BaseInterceptor.swift; sourceTree = "<group>"; };
		1E36D40E28F407CF00F228A7 /* OwnerRouter.swift */ = {isa = PBXFileReference; lastKnownFileType = sourcecode.swift; path = OwnerRouter.swift; sourceTree = "<group>"; };
		1E36D41028F4080600F228A7 /* OwnerViewModel.swift */ = {isa = PBXFileReference; lastKnownFileType = sourcecode.swift; path = OwnerViewModel.swift; sourceTree = "<group>"; };
		1E36D41228F4084F00F228A7 /* Auth0Owner.swift */ = {isa = PBXFileReference; lastKnownFileType = sourcecode.swift; path = Auth0Owner.swift; sourceTree = "<group>"; };
		1E72115E28F82397009034E0 /* ReservationEditView.swift */ = {isa = PBXFileReference; lastKnownFileType = sourcecode.swift; path = ReservationEditView.swift; sourceTree = "<group>"; };
/* End PBXFileReference section */

/* Begin PBXFrameworksBuildPhase section */
		1E36D3D828F04FDC00F228A7 /* Frameworks */ = {
			isa = PBXFrameworksBuildPhase;
			buildActionMask = 2147483647;
			files = (
				1E36D3EE28F0511800F228A7 /* Alamofire in Frameworks */,
				1E36D3FE28F401DB00F228A7 /* Auth0 in Frameworks */,
			);
			runOnlyForDeploymentPostprocessing = 0;
		};
/* End PBXFrameworksBuildPhase section */

/* Begin PBXGroup section */
		1E21562A28F4577A00B03EFB /* Utility */ = {
			isa = PBXGroup;
			children = (
				1E21562B28F4578E00B03EFB /* Extensions.swift */,
				1E21564128F6993F00B03EFB /* UIUtility.swift */,
			);
			path = Utility;
			sourceTree = "<group>";
		};
		1E36D3D228F04FDC00F228A7 = {
			isa = PBXGroup;
			children = (
				1E36D3DD28F04FDC00F228A7 /* matbookig_sajyangnim */,
				1E36D3DC28F04FDC00F228A7 /* Products */,
			);
			sourceTree = "<group>";
		};
		1E36D3DC28F04FDC00F228A7 /* Products */ = {
			isa = PBXGroup;
			children = (
				1E36D3DB28F04FDC00F228A7 /* matbookig_sajyangnim.app */,
			);
			name = Products;
			sourceTree = "<group>";
		};
		1E36D3DD28F04FDC00F228A7 /* matbookig_sajyangnim */ = {
			isa = PBXGroup;
			children = (
				1E36D40028F4053A00F228A7 /* Auth0.plist */,
				1E36D3FF28F4049B00F228A7 /* matbookig-sajyangnim-Info.plist */,
				1E21562A28F4577A00B03EFB /* Utility */,
				1E36D40328F4067900F228A7 /* API */,
				1E36D3F028F051C900F228A7 /* Security */,
				1E36D40228F4065C00F228A7 /* ViewModels */,
				1E36D40D28F407B700F228A7 /* Models */,
				1E36D3EF28F0517200F228A7 /* Views */,
				1E36D3DE28F04FDC00F228A7 /* matbookig_sajyangnimApp.swift */,
				1E36D3E228F04FDD00F228A7 /* Assets.xcassets */,
				1E36D3E428F04FDD00F228A7 /* Preview Content */,
			);
			path = matbookig_sajyangnim;
			sourceTree = "<group>";
		};
		1E36D3E428F04FDD00F228A7 /* Preview Content */ = {
			isa = PBXGroup;
			children = (
				1E36D3E528F04FDD00F228A7 /* Preview Assets.xcassets */,
			);
			path = "Preview Content";
			sourceTree = "<group>";
		};
		1E36D3EF28F0517200F228A7 /* Views */ = {
			isa = PBXGroup;
			children = (
				1E36D3E028F04FDC00F228A7 /* ContentView.swift */,
				1E36D3F528F3EE7C00F228A7 /* LoginView.swift */,
				1E36D3F328F0522B00F228A7 /* RestaurantInfoEditView.swift */,
				1E72115E28F82397009034E0 /* ReservationEditView.swift */,
				1E21560028F4161300B03EFB /* ChatDetailView.swift */,
				1E21560228F4164300B03EFB /* ChatListView.swift */,
				1E21562828F4573100B03EFB /* JoinView.swift */,
				1E21563328F54A6800B03EFB /* ReservationListView.swift */,
			);
			path = Views;
			sourceTree = "<group>";
		};
		1E36D3F028F051C900F228A7 /* Security */ = {
			isa = PBXGroup;
			children = (
				1E36D3F128F051E200F228A7 /* KeyChain.swift */,
			);
			path = Security;
			sourceTree = "<group>";
		};
		1E36D40228F4065C00F228A7 /* ViewModels */ = {
			isa = PBXGroup;
			children = (
				1E36D41028F4080600F228A7 /* OwnerViewModel.swift */,
				1E21563B28F5605C00B03EFB /* RestaurantViewModel.swift */,
			);
			path = ViewModels;
			sourceTree = "<group>";
		};
		1E36D40328F4067900F228A7 /* API */ = {
			isa = PBXGroup;
			children = (
				1E36D40428F4071A00F228A7 /* Services */,
				1E36D40528F4072B00F228A7 /* Routers */,
				1E36D40628F4073600F228A7 /* Intercepters */,
				1E36D40728F4075100F228A7 /* ApiClient.swift */,
				1E36D40928F4077600F228A7 /* ApiLogger.swift */,
			);
			path = API;
			sourceTree = "<group>";
		};
		1E36D40428F4071A00F228A7 /* Services */ = {
			isa = PBXGroup;
			children = (
				1E21561E28F4528600B03EFB /* OwnerApiService.swift */,
				1E21563D28F564AD00B03EFB /* RestaurantApiService.swift */,
			);
			path = Services;
			sourceTree = "<group>";
		};
		1E36D40528F4072B00F228A7 /* Routers */ = {
			isa = PBXGroup;
			children = (
				1E36D40E28F407CF00F228A7 /* OwnerRouter.swift */,
				1E21563F28F5653A00B03EFB /* RestaurantRouter.swift */,
			);
			path = Routers;
			sourceTree = "<group>";
		};
		1E36D40628F4073600F228A7 /* Intercepters */ = {
			isa = PBXGroup;
			children = (
				1E36D40B28F4079200F228A7 /* BaseInterceptor.swift */,
				1E21562228F4542900B03EFB /* Auth0Interceptor.swift */,
			);
			path = Intercepters;
			sourceTree = "<group>";
		};
		1E36D40D28F407B700F228A7 /* Models */ = {
			isa = PBXGroup;
			children = (
				1E36D41228F4084F00F228A7 /* Auth0Owner.swift */,
				1E21562028F4538B00B03EFB /* OwnerResponse.swift */,
				1E21562428F4558000B03EFB /* Owner.swift */,
				1E21563128F548A700B03EFB /* JoinResponse.swift */,
				1E21562628F4561300B03EFB /* ApiResponse.swift */,
				1E21563528F54DCD00B03EFB /* RestaurantExistsResponse.swift */,
				1E21563928F5536F00B03EFB /* RestaurantResponse.swift */,
				1E21563728F5508900B03EFB /* Restaurant.swift */,
			);
			path = Models;
			sourceTree = "<group>";
		};
/* End PBXGroup section */

/* Begin PBXNativeTarget section */
		1E36D3DA28F04FDC00F228A7 /* matbookig_sajyangnim */ = {
			isa = PBXNativeTarget;
			buildConfigurationList = 1E36D3E928F04FDD00F228A7 /* Build configuration list for PBXNativeTarget "matbookig_sajyangnim" */;
			buildPhases = (
				1E36D3D728F04FDC00F228A7 /* Sources */,
				1E36D3D828F04FDC00F228A7 /* Frameworks */,
				1E36D3D928F04FDC00F228A7 /* Resources */,
			);
			buildRules = (
			);
			dependencies = (
			);
			name = matbookig_sajyangnim;
			packageProductDependencies = (
				1E36D3ED28F0511800F228A7 /* Alamofire */,
				1E36D3FD28F401DB00F228A7 /* Auth0 */,
			);
			productName = matbookig_sajyangnim;
			productReference = 1E36D3DB28F04FDC00F228A7 /* matbookig_sajyangnim.app */;
			productType = "com.apple.product-type.application";
		};
/* End PBXNativeTarget section */

/* Begin PBXProject section */
		1E36D3D328F04FDC00F228A7 /* Project object */ = {
			isa = PBXProject;
			attributes = {
				BuildIndependentTargetsInParallel = 1;
				LastSwiftUpdateCheck = 1340;
				LastUpgradeCheck = 1340;
				TargetAttributes = {
					1E36D3DA28F04FDC00F228A7 = {
						CreatedOnToolsVersion = 13.4.1;
					};
				};
			};
			buildConfigurationList = 1E36D3D628F04FDC00F228A7 /* Build configuration list for PBXProject "matbookig_sajyangnim" */;
			compatibilityVersion = "Xcode 13.0";
			developmentRegion = en;
			hasScannedForEncodings = 0;
			knownRegions = (
				en,
				Base,
			);
			mainGroup = 1E36D3D228F04FDC00F228A7;
			packageReferences = (
				1E36D3EC28F0511800F228A7 /* XCRemoteSwiftPackageReference "Alamofire" */,
				1E36D3FC28F401DB00F228A7 /* XCRemoteSwiftPackageReference "Auth0" */,
			);
			productRefGroup = 1E36D3DC28F04FDC00F228A7 /* Products */;
			projectDirPath = "";
			projectRoot = "";
			targets = (
				1E36D3DA28F04FDC00F228A7 /* matbookig_sajyangnim */,
			);
		};
/* End PBXProject section */

/* Begin PBXResourcesBuildPhase section */
		1E36D3D928F04FDC00F228A7 /* Resources */ = {
			isa = PBXResourcesBuildPhase;
			buildActionMask = 2147483647;
			files = (
				1E36D3E628F04FDD00F228A7 /* Preview Assets.xcassets in Resources */,
				1E36D40128F4053A00F228A7 /* Auth0.plist in Resources */,
				1E36D3E328F04FDD00F228A7 /* Assets.xcassets in Resources */,
			);
			runOnlyForDeploymentPostprocessing = 0;
		};
/* End PBXResourcesBuildPhase section */

/* Begin PBXSourcesBuildPhase section */
		1E36D3D728F04FDC00F228A7 /* Sources */ = {
			isa = PBXSourcesBuildPhase;
			buildActionMask = 2147483647;
			files = (
				1E21561F28F4528600B03EFB /* OwnerApiService.swift in Sources */,
				1E21563A28F5536F00B03EFB /* RestaurantResponse.swift in Sources */,
				1E36D3E128F04FDC00F228A7 /* ContentView.swift in Sources */,
				1E72115F28F82397009034E0 /* ReservationEditView.swift in Sources */,
				1E21562328F4542900B03EFB /* Auth0Interceptor.swift in Sources */,
				1E36D3F428F0522B00F228A7 /* RestaurantInfoEditView.swift in Sources */,
				1E36D40C28F4079200F228A7 /* BaseInterceptor.swift in Sources */,
				1E21563228F548A700B03EFB /* JoinResponse.swift in Sources */,
				1E36D41128F4080600F228A7 /* OwnerViewModel.swift in Sources */,
				1E21562128F4538B00B03EFB /* OwnerResponse.swift in Sources */,
				1E21563C28F5605C00B03EFB /* RestaurantViewModel.swift in Sources */,
				1E21562528F4558000B03EFB /* Owner.swift in Sources */,
				1E21560128F4161300B03EFB /* ChatDetailView.swift in Sources */,
				1E36D40A28F4077600F228A7 /* ApiLogger.swift in Sources */,
				1E36D40F28F407CF00F228A7 /* OwnerRouter.swift in Sources */,
				1E36D3F228F051E200F228A7 /* KeyChain.swift in Sources */,
				1E36D3F628F3EE7C00F228A7 /* LoginView.swift in Sources */,
				1E21562928F4573100B03EFB /* JoinView.swift in Sources */,
				1E36D3DF28F04FDC00F228A7 /* matbookig_sajyangnimApp.swift in Sources */,
				1E21562C28F4578E00B03EFB /* Extensions.swift in Sources */,
				1E36D41328F4084F00F228A7 /* Auth0Owner.swift in Sources */,
				1E21563E28F564AD00B03EFB /* RestaurantApiService.swift in Sources */,
				1E21562728F4561300B03EFB /* ApiResponse.swift in Sources */,
				1E36D40828F4075100F228A7 /* ApiClient.swift in Sources */,
				1E21564028F5653A00B03EFB /* RestaurantRouter.swift in Sources */,
				1E21563828F5508900B03EFB /* Restaurant.swift in Sources */,
				1E21560328F4164300B03EFB /* ChatListView.swift in Sources */,
				1E21564228F6993F00B03EFB /* UIUtility.swift in Sources */,
				1E21563428F54A6800B03EFB /* ReservationListView.swift in Sources */,
				1E21563628F54DCD00B03EFB /* RestaurantExistsResponse.swift in Sources */,
			);
			runOnlyForDeploymentPostprocessing = 0;
		};
/* End PBXSourcesBuildPhase section */

/* Begin XCBuildConfiguration section */
		1E36D3E728F04FDD00F228A7 /* Debug */ = {
			isa = XCBuildConfiguration;
			buildSettings = {
				ALWAYS_SEARCH_USER_PATHS = NO;
				CLANG_ANALYZER_NONNULL = YES;
				CLANG_ANALYZER_NUMBER_OBJECT_CONVERSION = YES_AGGRESSIVE;
				CLANG_CXX_LANGUAGE_STANDARD = "gnu++17";
				CLANG_ENABLE_MODULES = YES;
				CLANG_ENABLE_OBJC_ARC = YES;
				CLANG_ENABLE_OBJC_WEAK = YES;
				CLANG_WARN_BLOCK_CAPTURE_AUTORELEASING = YES;
				CLANG_WARN_BOOL_CONVERSION = YES;
				CLANG_WARN_COMMA = YES;
				CLANG_WARN_CONSTANT_CONVERSION = YES;
				CLANG_WARN_DEPRECATED_OBJC_IMPLEMENTATIONS = YES;
				CLANG_WARN_DIRECT_OBJC_ISA_USAGE = YES_ERROR;
				CLANG_WARN_DOCUMENTATION_COMMENTS = YES;
				CLANG_WARN_EMPTY_BODY = YES;
				CLANG_WARN_ENUM_CONVERSION = YES;
				CLANG_WARN_INFINITE_RECURSION = YES;
				CLANG_WARN_INT_CONVERSION = YES;
				CLANG_WARN_NON_LITERAL_NULL_CONVERSION = YES;
				CLANG_WARN_OBJC_IMPLICIT_RETAIN_SELF = YES;
				CLANG_WARN_OBJC_LITERAL_CONVERSION = YES;
				CLANG_WARN_OBJC_ROOT_CLASS = YES_ERROR;
				CLANG_WARN_QUOTED_INCLUDE_IN_FRAMEWORK_HEADER = YES;
				CLANG_WARN_RANGE_LOOP_ANALYSIS = YES;
				CLANG_WARN_STRICT_PROTOTYPES = YES;
				CLANG_WARN_SUSPICIOUS_MOVE = YES;
				CLANG_WARN_UNGUARDED_AVAILABILITY = YES_AGGRESSIVE;
				CLANG_WARN_UNREACHABLE_CODE = YES;
				CLANG_WARN__DUPLICATE_METHOD_MATCH = YES;
				COPY_PHASE_STRIP = NO;
				DEBUG_INFORMATION_FORMAT = dwarf;
				ENABLE_STRICT_OBJC_MSGSEND = YES;
				ENABLE_TESTABILITY = YES;
				GCC_C_LANGUAGE_STANDARD = gnu11;
				GCC_DYNAMIC_NO_PIC = NO;
				GCC_NO_COMMON_BLOCKS = YES;
				GCC_OPTIMIZATION_LEVEL = 0;
				GCC_PREPROCESSOR_DEFINITIONS = (
					"DEBUG=1",
					"$(inherited)",
				);
				GCC_WARN_64_TO_32_BIT_CONVERSION = YES;
				GCC_WARN_ABOUT_RETURN_TYPE = YES_ERROR;
				GCC_WARN_UNDECLARED_SELECTOR = YES;
				GCC_WARN_UNINITIALIZED_AUTOS = YES_AGGRESSIVE;
				GCC_WARN_UNUSED_FUNCTION = YES;
				GCC_WARN_UNUSED_VARIABLE = YES;
				IPHONEOS_DEPLOYMENT_TARGET = 15.5;
				MTL_ENABLE_DEBUG_INFO = INCLUDE_SOURCE;
				MTL_FAST_MATH = YES;
				ONLY_ACTIVE_ARCH = YES;
				SDKROOT = iphoneos;
				SWIFT_ACTIVE_COMPILATION_CONDITIONS = DEBUG;
				SWIFT_OPTIMIZATION_LEVEL = "-Onone";
			};
			name = Debug;
		};
		1E36D3E828F04FDD00F228A7 /* Release */ = {
			isa = XCBuildConfiguration;
			buildSettings = {
				ALWAYS_SEARCH_USER_PATHS = NO;
				CLANG_ANALYZER_NONNULL = YES;
				CLANG_ANALYZER_NUMBER_OBJECT_CONVERSION = YES_AGGRESSIVE;
				CLANG_CXX_LANGUAGE_STANDARD = "gnu++17";
				CLANG_ENABLE_MODULES = YES;
				CLANG_ENABLE_OBJC_ARC = YES;
				CLANG_ENABLE_OBJC_WEAK = YES;
				CLANG_WARN_BLOCK_CAPTURE_AUTORELEASING = YES;
				CLANG_WARN_BOOL_CONVERSION = YES;
				CLANG_WARN_COMMA = YES;
				CLANG_WARN_CONSTANT_CONVERSION = YES;
				CLANG_WARN_DEPRECATED_OBJC_IMPLEMENTATIONS = YES;
				CLANG_WARN_DIRECT_OBJC_ISA_USAGE = YES_ERROR;
				CLANG_WARN_DOCUMENTATION_COMMENTS = YES;
				CLANG_WARN_EMPTY_BODY = YES;
				CLANG_WARN_ENUM_CONVERSION = YES;
				CLANG_WARN_INFINITE_RECURSION = YES;
				CLANG_WARN_INT_CONVERSION = YES;
				CLANG_WARN_NON_LITERAL_NULL_CONVERSION = YES;
				CLANG_WARN_OBJC_IMPLICIT_RETAIN_SELF = YES;
				CLANG_WARN_OBJC_LITERAL_CONVERSION = YES;
				CLANG_WARN_OBJC_ROOT_CLASS = YES_ERROR;
				CLANG_WARN_QUOTED_INCLUDE_IN_FRAMEWORK_HEADER = YES;
				CLANG_WARN_RANGE_LOOP_ANALYSIS = YES;
				CLANG_WARN_STRICT_PROTOTYPES = YES;
				CLANG_WARN_SUSPICIOUS_MOVE = YES;
				CLANG_WARN_UNGUARDED_AVAILABILITY = YES_AGGRESSIVE;
				CLANG_WARN_UNREACHABLE_CODE = YES;
				CLANG_WARN__DUPLICATE_METHOD_MATCH = YES;
				COPY_PHASE_STRIP = NO;
				DEBUG_INFORMATION_FORMAT = "dwarf-with-dsym";
				ENABLE_NS_ASSERTIONS = NO;
				ENABLE_STRICT_OBJC_MSGSEND = YES;
				GCC_C_LANGUAGE_STANDARD = gnu11;
				GCC_NO_COMMON_BLOCKS = YES;
				GCC_WARN_64_TO_32_BIT_CONVERSION = YES;
				GCC_WARN_ABOUT_RETURN_TYPE = YES_ERROR;
				GCC_WARN_UNDECLARED_SELECTOR = YES;
				GCC_WARN_UNINITIALIZED_AUTOS = YES_AGGRESSIVE;
				GCC_WARN_UNUSED_FUNCTION = YES;
				GCC_WARN_UNUSED_VARIABLE = YES;
				IPHONEOS_DEPLOYMENT_TARGET = 15.5;
				MTL_ENABLE_DEBUG_INFO = NO;
				MTL_FAST_MATH = YES;
				SDKROOT = iphoneos;
				SWIFT_COMPILATION_MODE = wholemodule;
				SWIFT_OPTIMIZATION_LEVEL = "-O";
				VALIDATE_PRODUCT = YES;
			};
			name = Release;
		};
		1E36D3EA28F04FDD00F228A7 /* Debug */ = {
			isa = XCBuildConfiguration;
			buildSettings = {
				ASSETCATALOG_COMPILER_APPICON_NAME = AppIcon;
				ASSETCATALOG_COMPILER_GLOBAL_ACCENT_COLOR_NAME = AccentColor;
				CODE_SIGN_STYLE = Automatic;
				CURRENT_PROJECT_VERSION = 1;
				DEVELOPMENT_ASSET_PATHS = "\"matbookig_sajyangnim/Preview Content\"";
				DEVELOPMENT_TEAM = QCV7RG73DZ;
				ENABLE_PREVIEWS = YES;
				GENERATE_INFOPLIST_FILE = YES;
				INFOPLIST_FILE = "matbookig-sajyangnim-Info.plist";
				INFOPLIST_KEY_UIApplicationSceneManifest_Generation = YES;
				INFOPLIST_KEY_UIApplicationSupportsIndirectInputEvents = YES;
				INFOPLIST_KEY_UILaunchScreen_Generation = YES;
				INFOPLIST_KEY_UISupportedInterfaceOrientations_iPad = "UIInterfaceOrientationPortrait UIInterfaceOrientationPortraitUpsideDown UIInterfaceOrientationLandscapeLeft UIInterfaceOrientationLandscapeRight";
				INFOPLIST_KEY_UISupportedInterfaceOrientations_iPhone = "UIInterfaceOrientationPortrait UIInterfaceOrientationLandscapeLeft UIInterfaceOrientationLandscapeRight";
				LD_RUNPATH_SEARCH_PATHS = (
					"$(inherited)",
					"@executable_path/Frameworks",
				);
				MARKETING_VERSION = 1.0;
				PRODUCT_BUNDLE_IDENTIFIER = "kr.potatodevs.matbookig-sajyangnim";
				PRODUCT_NAME = "$(TARGET_NAME)";
				SWIFT_EMIT_LOC_STRINGS = YES;
				SWIFT_VERSION = 5.0;
				TARGETED_DEVICE_FAMILY = "1,2";
			};
			name = Debug;
		};
		1E36D3EB28F04FDD00F228A7 /* Release */ = {
			isa = XCBuildConfiguration;
			buildSettings = {
				ASSETCATALOG_COMPILER_APPICON_NAME = AppIcon;
				ASSETCATALOG_COMPILER_GLOBAL_ACCENT_COLOR_NAME = AccentColor;
				CODE_SIGN_STYLE = Automatic;
				CURRENT_PROJECT_VERSION = 1;
				DEVELOPMENT_ASSET_PATHS = "\"matbookig_sajyangnim/Preview Content\"";
				DEVELOPMENT_TEAM = QCV7RG73DZ;
				ENABLE_PREVIEWS = YES;
				GENERATE_INFOPLIST_FILE = YES;
				INFOPLIST_FILE = "matbookig-sajyangnim-Info.plist";
				INFOPLIST_KEY_UIApplicationSceneManifest_Generation = YES;
				INFOPLIST_KEY_UIApplicationSupportsIndirectInputEvents = YES;
				INFOPLIST_KEY_UILaunchScreen_Generation = YES;
				INFOPLIST_KEY_UISupportedInterfaceOrientations_iPad = "UIInterfaceOrientationPortrait UIInterfaceOrientationPortraitUpsideDown UIInterfaceOrientationLandscapeLeft UIInterfaceOrientationLandscapeRight";
				INFOPLIST_KEY_UISupportedInterfaceOrientations_iPhone = "UIInterfaceOrientationPortrait UIInterfaceOrientationLandscapeLeft UIInterfaceOrientationLandscapeRight";
				LD_RUNPATH_SEARCH_PATHS = (
					"$(inherited)",
					"@executable_path/Frameworks",
				);
				MARKETING_VERSION = 1.0;
				PRODUCT_BUNDLE_IDENTIFIER = "kr.potatodevs.matbookig-sajyangnim";
				PRODUCT_NAME = "$(TARGET_NAME)";
				SWIFT_EMIT_LOC_STRINGS = YES;
				SWIFT_VERSION = 5.0;
				TARGETED_DEVICE_FAMILY = "1,2";
			};
			name = Release;
		};
/* End XCBuildConfiguration section */

/* Begin XCConfigurationList section */
		1E36D3D628F04FDC00F228A7 /* Build configuration list for PBXProject "matbookig_sajyangnim" */ = {
			isa = XCConfigurationList;
			buildConfigurations = (
				1E36D3E728F04FDD00F228A7 /* Debug */,
				1E36D3E828F04FDD00F228A7 /* Release */,
			);
			defaultConfigurationIsVisible = 0;
			defaultConfigurationName = Release;
		};
		1E36D3E928F04FDD00F228A7 /* Build configuration list for PBXNativeTarget "matbookig_sajyangnim" */ = {
			isa = XCConfigurationList;
			buildConfigurations = (
				1E36D3EA28F04FDD00F228A7 /* Debug */,
				1E36D3EB28F04FDD00F228A7 /* Release */,
			);
			defaultConfigurationIsVisible = 0;
			defaultConfigurationName = Release;
		};
/* End XCConfigurationList section */

/* Begin XCRemoteSwiftPackageReference section */
		1E36D3EC28F0511800F228A7 /* XCRemoteSwiftPackageReference "Alamofire" */ = {
			isa = XCRemoteSwiftPackageReference;
			repositoryURL = "https://github.com/Alamofire/Alamofire";
			requirement = {
				branch = master;
				kind = branch;
			};
		};
		1E36D3FC28F401DB00F228A7 /* XCRemoteSwiftPackageReference "Auth0" */ = {
			isa = XCRemoteSwiftPackageReference;
			repositoryURL = "https://github.com/auth0/Auth0.swift";
			requirement = {
				kind = upToNextMajorVersion;
				minimumVersion = 2.0.0;
			};
		};
/* End XCRemoteSwiftPackageReference section */

/* Begin XCSwiftPackageProductDependency section */
		1E36D3ED28F0511800F228A7 /* Alamofire */ = {
			isa = XCSwiftPackageProductDependency;
			package = 1E36D3EC28F0511800F228A7 /* XCRemoteSwiftPackageReference "Alamofire" */;
			productName = Alamofire;
		};
		1E36D3FD28F401DB00F228A7 /* Auth0 */ = {
			isa = XCSwiftPackageProductDependency;
			package = 1E36D3FC28F401DB00F228A7 /* XCRemoteSwiftPackageReference "Auth0" */;
			productName = Auth0;
		};
/* End XCSwiftPackageProductDependency section */
	};
	rootObject = 1E36D3D328F04FDC00F228A7 /* Project object */;
}
